{
  "nodes": {
    "agent-skills-nix": {
      "inputs": {
        "home-manager": "home-manager",
        "nixpkgs": [
          "nixpkgs"
        ]
      },
      "locked": {
        "lastModified": 1774030553,
        "narHash": "sha256-JV6PFjMEew1Owx4ihhdvhuIJ2Ztlz2nDdypuHH7UMRk=",
        "owner": "Kyure-A",
        "repo": "agent-skills-nix",
        "rev": "bf08d4153f03d6a3c7421332483f1e3d25cd6d4c",
        "type": "github"
      },
      "original": {
        "owner": "Kyure-A",
        "repo": "agent-skills-nix",
        "type": "github"
      }
    },
    "agentplot-kit": {
      "inputs": {
        "nixpkgs": [
          "nixpkgs"
        ]
      },
      "locked": {
        "lastModified": 1774052104,
        "narHash": "sha256-jTBJbGuNFjQhJl1dFIozWC33tmCXUAAlsqfqdQsRVEQ=",
        "owner": "agentplot",
        "repo": "agentplot-kit",
        "rev": "a8826e4bfeaa2f69a7748b32cfe477c22e625219",
        "type": "github"
      },
      "original": {
        "owner": "agentplot",
        "repo": "agentplot-kit",
        "type": "github"
      }
    },
    "claude-plugins-nix": {
      "inputs": {
        "claude-plugins-src": "claude-plugins-src",
        "nixpkgs": [
          "nixpkgs"
        ]
      },
      "locked": {
        "lastModified": 1769097637,
        "narHash": "sha256-+dy1HDc7w/B67YiAMvzp34W3EeZ5Szt83K++S2/v6Wc=",
        "owner": "mreimbold",
        "repo": "claude-plugins-nix",
        "rev": "17dc97946aea1f032526299135dede0546347fe4",
        "type": "github"
      },
      "original": {
        "owner": "mreimbold",
        "repo": "claude-plugins-nix",
        "type": "github"
      }
    },
    "claude-plugins-src": {
      "flake": false,
      "locked": {
        "lastModified": 1767889916,
        "narHash": "sha256-jIXmqy/oy30FDFIoCXCO5mEDWAh54cWBemNAJv52cv4=",
        "owner": "Kamalnrf",
        "repo": "claude-plugins",
        "rev": "5118d1decbd525dcced6ed1f0cd27efd82fb9a75",
        "type": "github"
      },
      "original": {
        "owner": "Kamalnrf",
        "repo": "claude-plugins",
        "type": "github"
      }
    },
    "flake-utils": {
      "inputs": {
        "systems": "systems"
      },
      "locked": {
        "lastModified": 1731533236,
        "narHash": "sha256-l0KFg5HjrsfsO/JpG+r7fRrqm12kzFHyUHqHCVpMMbI=",
        "owner": "numtide",
        "repo": "flake-utils",
        "rev": "11707dc2f618dd54ca8739b309ec4fc024de578b",
        "type": "github"
      },
      "original": {
        "owner": "numtide",
        "repo": "flake-utils",
        "type": "github"
      }
    },
    "flake-utils_2": {
      "inputs": {
        "systems": "systems_2"
      },
      "locked": {
        "lastModified": 1731533236,
        "narHash": "sha256-l0KFg5HjrsfsO/JpG+r7fRrqm12kzFHyUHqHCVpMMbI=",
        "owner": "numtide",
        "repo": "flake-utils",
        "rev": "11707dc2f618dd54ca8739b309ec4fc024de578b",
        "type": "github"
      },
      "original": {
        "owner": "numtide",
        "repo": "flake-utils",
        "type": "github"
      }
    },
    "flake-utils_3": {
      "inputs": {
        "systems": "systems_3"
      },
      "locked": {
        "lastModified": 1731533236,
        "narHash": "sha256-l0KFg5HjrsfsO/JpG+r7fRrqm12kzFHyUHqHCVpMMbI=",
        "owner": "numtide",
        "repo": "flake-utils",
        "rev": "11707dc2f618dd54ca8739b309ec4fc024de578b",
        "type": "github"
      },
      "original": {
        "owner": "numtide",
        "repo": "flake-utils",
        "type": "github"
      }
    },
    "home-manager": {
      "inputs": {
        "nixpkgs": [
          "agent-skills-nix",
          "nixpkgs"
        ]
      },
      "locked": {
        "lastModified": 1773608492,
        "narHash": "sha256-QZteyExJYSQzgxqdsesDPbQgjctGG7iKV/6ooyQPITk=",
        "owner": "nix-community",
        "repo": "home-manager",
        "rev": "9a40ec3b78fc688d0908485887d355caa5666d18",
        "type": "github"
      },
      "original": {
        "owner": "nix-community",
        "repo": "home-manager",
        "type": "github"
      }
    },
    "home-manager_2": {
      "inputs": {
        "nixpkgs": [
          "nix-agent-deck",
          "nixpkgs"
        ]
      },
      "locked": {
        "lastModified": 1773264496,
        "narHash": "sha256-uwFY0+UfaGEo6205ixeBjplZxHWr56UQef+MtmJ0PW0=",
        "owner": "nix-community",
        "repo": "home-manager",
        "rev": "32f78141a98098efed490842923b25ecb93b9b9f",
        "type": "github"
      },
      "original": {
        "owner": "nix-community",
        "repo": "home-manager",
        "type": "github"
      }
    },
    "home-manager_3": {
      "inputs": {
        "nixpkgs": [
          "nix-openclaw",
          "nixpkgs"
        ]
      },
      "locked": {
        "lastModified": 1767909183,
        "narHash": "sha256-u/bcU0xePi5bgNoRsiqSIwaGBwDilKKFTz3g0hqOBAo=",
        "owner": "nix-community",
        "repo": "home-manager",
        "rev": "cd6e96d56ed4b2a779ac73a1227e0bb1519b3509",
        "type": "github"
      },
      "original": {
        "owner": "nix-community",
        "repo": "home-manager",
        "type": "github"
      }
    },
    "microvm": {
      "inputs": {
        "nixpkgs": [
          "nixpkgs"
        ],
        "spectrum": "spectrum"
      },
      "locked": {
        "lastModified": 1773872447,
        "narHash": "sha256-IWTp4EMUfZwnuF5S/AjWfOFzCbbgkMzRwNd0qHC/EMg=",
        "owner": "astro",
        "repo": "microvm.nix",
        "rev": "b202882536b018a76f0b6e71a48677f41f4de9d8",
        "type": "github"
      },
      "original": {
        "owner": "astro",
        "repo": "microvm.nix",
        "type": "github"
      }
    },
    "nix-agent-deck": {
      "inputs": {
        "flake-utils": "flake-utils",
        "home-manager": "home-manager_2",
        "nixpkgs": [
          "nixpkgs"
        ]
      },
      "locked": {
        "lastModified": 1773359375,
        "narHash": "sha256-mvEXZ9Sefe1xDUnyd/lh3pd2teDG05gNivfwQ9A3/pA=",
        "owner": "codecorral",
        "repo": "nix-agent-deck",
        "rev": "e34f1ebd9810f3e19bf9788866776de46687a45c",
        "type": "github"
      },
      "original": {
        "owner": "codecorral",
        "repo": "nix-agent-deck",
        "type": "github"
      }
    },
    "nix-openclaw": {
      "inputs": {
        "flake-utils": "flake-utils_2",
        "home-manager": "home-manager_3",
        "nix-steipete-tools": "nix-steipete-tools",
        "nixpkgs": [
          "nixpkgs"
        ]
      },
      "locked": {
        "lastModified": 1773851886,
        "narHash": "sha256-+3ygZuf5K8mtSGMMEZ/h+vxGvXCu1CmiB+531KMagH8=",
        "owner": "openclaw",
        "repo": "nix-openclaw",
        "rev": "64d410666821866c565e048a4d07d6cf5d8e494e",
        "type": "github"
      },
      "original": {
        "owner": "openclaw",
        "repo": "nix-openclaw",
        "type": "github"
      }
    },
    "nix-steipete-tools": {
      "inputs": {
        "nixpkgs": "nixpkgs"
      },
      "locked": {
        "lastModified": 1773561580,
        "narHash": "sha256-wT0bKTp45YnMkc4yXQvk943Zz/rksYiIjEXGdWzxnic=",
        "owner": "openclaw",
        "repo": "nix-steipete-tools",
        "rev": "cd4c429ff3b3aaef9f92e59812cf2baf5704b86f",
        "type": "github"
      },
      "original": {
        "owner": "openclaw",
        "repo": "nix-steipete-tools",
        "type": "github"
      }
    },
    "nixpkgs": {
      "locked": {
        "lastModified": 1767364772,
        "narHash": "sha256-fFUnEYMla8b7UKjijLnMe+oVFOz6HjijGGNS1l7dYaQ=",
        "owner": "NixOS",
        "repo": "nixpkgs",
        "rev": "16c7794d0a28b5a37904d55bcca36003b9109aaa",
        "type": "github"
      },
      "original": {
        "owner": "NixOS",
        "ref": "nixpkgs-unstable",
        "repo": "nixpkgs",
        "type": "github"
      }
    },
    "nixpkgs_2": {
      "locked": {
        "lastModified": 1773840656,
        "narHash": "sha256-9tpvMGFteZnd3gRQZFlRCohVpqooygFuy9yjuyRL2C0=",
        "owner": "NixOS",
        "repo": "nixpkgs",
        "rev": "9cf7092bdd603554bd8b63c216e8943cf9b12512",
        "type": "github"
      },
      "original": {
        "owner": "NixOS",
        "ref": "nixpkgs-unstable",
        "repo": "nixpkgs",
        "type": "github"
      }
    },
    "qmd": {
      "inputs": {
        "flake-utils": "flake-utils_3",
        "nixpkgs": [
          "nixpkgs"
        ]
      },
      "locked": {
        "lastModified": 1773490238,
        "narHash": "sha256-13jhDU2wt4/SNR8oblwP6URr4SEVgMS6roiOpQEWQiY=",
        "owner": "tobi",
        "repo": "qmd",
        "rev": "2b8f329d7e4419af736a50e917057f685ad41110",
        "type": "github"
      },
      "original": {
        "owner": "tobi",
        "repo": "qmd",
        "type": "github"
      }
    },
    "root": {
      "inputs": {
        "agent-skills-nix": "agent-skills-nix",
        "agentplot-kit": "agentplot-kit",
        "claude-plugins-nix": "claude-plugins-nix",
        "microvm": "microvm",
        "nix-agent-deck": "nix-agent-deck",
        "nix-openclaw": "nix-openclaw",
        "nixpkgs": "nixpkgs_2",
        "qmd": "qmd"
      }
    },
    "spectrum": {
      "flake": false,
      "locked": {
        "lastModified": 1772189877,
        "narHash": "sha256-i1p90Rgssb//aNiTDFq46ZG/fk3LmyRLChtp/9lddyA=",
        "ref": "refs/heads/main",
        "rev": "fe39e122d898f66e89ffa17d4f4209989ccb5358",
        "revCount": 1255,
        "type": "git",
        "url": "https://spectrum-os.org/git/spectrum"
      },
      "original": {
        "type": "git",
        "url": "https://spectrum-os.org/git/spectrum"
      }
    },
    "systems": {
      "locked": {
        "lastModified": 1681028828,
        "narHash": "sha256-Vy1rq5AaRuLzOxct8nz4T6wlgyUR7zLU309k9mBC768=",
        "owner": "nix-systems",
        "repo": "default",
        "rev": "da67096a3b9bf56a91d16901293e51ba5b49a27e",
        "type": "github"
      },
      "original": {
        "owner": "nix-systems",
        "repo": "default",
        "type": "github"
      }
    },
    "systems_2": {
      "locked": {
        "lastModified": 1681028828,
        "narHash": "sha256-Vy1rq5AaRuLzOxct8nz4T6wlgyUR7zLU309k9mBC768=",
        "owner": "nix-systems",
        "repo": "default",
        "rev": "da67096a3b9bf56a91d16901293e51ba5b49a27e",
        "type": "github"
      },
      "original": {
        "owner": "nix-systems",
        "repo": "default",
        "type": "github"
      }
    },
    "systems_3": {
      "locked": {
        "lastModified": 1681028828,
        "narHash": "sha256-Vy1rq5AaRuLzOxct8nz4T6wlgyUR7zLU309k9mBC768=",
        "owner": "nix-systems",
        "repo": "default",
        "rev": "da67096a3b9bf56a91d16901293e51ba5b49a27e",
        "type": "github"
      },
      "original": {
        "owner": "nix-systems",
        "repo": "default",
        "type": "github"
      }
    }
  },
  "root": "root",
  "version": 7
}
